
Microsoft Visual Studio Solution File, Format Version 12.00
# Visual Studio Version 17
VisualStudioVersion = 17.7.34031.279
MinimumVisualStudioVersion = 10.0.40219.1
Project("{FAE04EC0-301F-11D3-BF4B-00C04F79EFBC}") = "LogisticsRoutePlanner", "LogisticsRoutePlanner.csproj", "{2D064846-92D2-4F97-8FE1-3BE1B7A24906}"
EndProject
Global
	GlobalSection(SolutionConfigurationPlatforms) = preSolution
		Debug|Any CPU = Debug|Any CPU
		Release|Any CPU = Release|Any CPU
	EndGlobalSection
	GlobalSection(ProjectConfigurationPlatforms) = postSolution
		{2D064846-92D2-4F97-8FE1-3BE1B7A24906}.Debug|Any CPU.ActiveCfg = Debug|Any CPU
		{2D064846-92D2-4F97-8FE1-3BE1B7A24906}.Debug|Any CPU.Build.0 = Debug|Any CPU
		{2D064846-92D2-4F97-8FE1-3BE1B7A24906}.Release|Any CPU.ActiveCfg = Release|Any CPU
		{2D064846-92D2-4F97-8FE1-3BE1B7A24906}.Release|Any CPU.Build.0 = Release|Any CPU
	EndGlobalSection
	GlobalSection(SolutionProperties) = preSolution
		HideSolutionNode = FALSE
	EndGlobalSection
	GlobalSection(ExtensibilityGlobals) = postSolution
		SolutionGuid = {5159A26B-A881-46A8-ADDB-705104B08619}
	EndGlobalSection
EndGlobal
